// !$*UTF8*$!
{
	archiveVersion = 1;
	classes = {
	};
	objectVersion = 46;
	objects = {

/* Begin PBXBuildFile section */
		87C65AAC1CC5D6320087D545 /* AppDelegate.swift in Sources */ = {isa = PBXBuildFile; fileRef = 87C65AAB1CC5D6320087D545 /* AppDelegate.swift */; };
		87C65AB31CC5D6320087D545 /* Assets.xcassets in Resources */ = {isa = PBXBuildFile; fileRef = 87C65AB21CC5D6320087D545 /* Assets.xcassets */; };
		87C65AB61CC5D6320087D545 /* LaunchScreen.storyboard in Resources */ = {isa = PBXBuildFile; fileRef = 87C65AB41CC5D6320087D545 /* LaunchScreen.storyboard */; };
		87C65AC81CC5DAAD0087D545 /* YTTabbarViewController.swift in Sources */ = {isa = PBXBuildFile; fileRef = 87C65AC71CC5DAAD0087D545 /* YTTabbarViewController.swift */; };
		87C65ACA1CC5DAC60087D545 /* YTBaseVC.swift in Sources */ = {isa = PBXBuildFile; fileRef = 87C65AC91CC5DAC60087D545 /* YTBaseVC.swift */; };
		87C65ACC1CC5DAE30087D545 /* YTHomePageVC.swift in Sources */ = {isa = PBXBuildFile; fileRef = 87C65ACB1CC5DAE30087D545 /* YTHomePageVC.swift */; };
		87C65ACE1CC5DAFF0087D545 /* YTOnSaleViewController.swift in Sources */ = {isa = PBXBuildFile; fileRef = 87C65ACD1CC5DAFF0087D545 /* YTOnSaleViewController.swift */; };
		87C65AD01CC5DB320087D545 /* YTCategoryViewController.swift in Sources */ = {isa = PBXBuildFile; fileRef = 87C65ACF1CC5DB320087D545 /* YTCategoryViewController.swift */; };
		87C65AD21CC5DB520087D545 /* YTCartViewController.swift in Sources */ = {isa = PBXBuildFile; fileRef = 87C65AD11CC5DB520087D545 /* YTCartViewController.swift */; };
		87C65AD41CC5DB620087D545 /* YTMineViewController.swift in Sources */ = {isa = PBXBuildFile; fileRef = 87C65AD31CC5DB620087D545 /* YTMineViewController.swift */; };
/* End PBXBuildFile section */

/* Begin PBXFileReference section */
		87C65AA81CC5D6320087D545 /* YinTaiSwift.app */ = {isa = PBXFileReference; explicitFileType = wrapper.application; includeInIndex = 0; path = YinTaiSwift.app; sourceTree = BUILT_PRODUCTS_DIR; };
		87C65AAB1CC5D6320087D545 /* AppDelegate.swift */ = {isa = PBXFileReference; lastKnownFileType = sourcecode.swift; path = AppDelegate.swift; sourceTree = "<group>"; };
		87C65AB21CC5D6320087D545 /* Assets.xcassets */ = {isa = PBXFileReference; lastKnownFileType = folder.assetcatalog; path = Assets.xcassets; sourceTree = "<group>"; };
		87C65AB51CC5D6320087D545 /* Base */ = {isa = PBXFileReference; lastKnownFileType = file.storyboard; name = Base; path = Base.lproj/LaunchScreen.storyboard; sourceTree = "<group>"; };
		87C65AB71CC5D6320087D545 /* Info.plist */ = {isa = PBXFileReference; lastKnownFileType = text.plist.xml; path = Info.plist; sourceTree = "<group>"; };
		87C65AC71CC5DAAD0087D545 /* YTTabbarViewController.swift */ = {isa = PBXFileReference; fileEncoding = 4; lastKnownFileType = sourcecode.swift; path = YTTabbarViewController.swift; sourceTree = "<group>"; };
		87C65AC91CC5DAC60087D545 /* YTBaseVC.swift */ = {isa = PBXFileReference; fileEncoding = 4; lastKnownFileType = sourcecode.swift; path = YTBaseVC.swift; sourceTree = "<group>"; };
		87C65ACB1CC5DAE30087D545 /* YTHomePageVC.swift */ = {isa = PBXFileReference; fileEncoding = 4; lastKnownFileType = sourcecode.swift; path = YTHomePageVC.swift; sourceTree = "<group>"; };
		87C65ACD1CC5DAFF0087D545 /* YTOnSaleViewController.swift */ = {isa = PBXFileReference; fileEncoding = 4; lastKnownFileType = sourcecode.swift; path = YTOnSaleViewController.swift; sourceTree = "<group>"; };
		87C65ACF1CC5DB320087D545 /* YTCategoryViewController.swift */ = {isa = PBXFileReference; fileEncoding = 4; lastKnownFileType = sourcecode.swift; path = YTCategoryViewController.swift; sourceTree = "<group>"; };
		87C65AD11CC5DB520087D545 /* YTCartViewController.swift */ = {isa = PBXFileReference; fileEncoding = 4; lastKnownFileType = sourcecode.swift; path = YTCartViewController.swift; sourceTree = "<group>"; };
		87C65AD31CC5DB620087D545 /* YTMineViewController.swift */ = {isa = PBXFileReference; fileEncoding = 4; lastKnownFileType = sourcecode.swift; path = YTMineViewController.swift; sourceTree = "<group>"; };
/* End PBXFileReference section */

/* Begin PBXFrameworksBuildPhase section */
		87C65AA51CC5D6320087D545 /* Frameworks */ = {
			isa = PBXFrameworksBuildPhase;
			buildActionMask = 2147483647;
			files = (
			);
			runOnlyForDeploymentPostprocessing = 0;
		};
/* End PBXFrameworksBuildPhase section */

/* Begin PBXGroup section */
		87C65A9F1CC5D6320087D545 = {
			isa = PBXGroup;
			children = (
				87C65AAA1CC5D6320087D545 /* YinTaiSwift */,
				87C65AA91CC5D6320087D545 /* Products */,
			);
			sourceTree = "<group>";
		};
		87C65AA91CC5D6320087D545 /* Products */ = {
			isa = PBXGroup;
			children = (
				87C65AA81CC5D6320087D545 /* YinTaiSwift.app */,
			);
			name = Products;
			sourceTree = "<group>";
		};
		87C65AAA1CC5D6320087D545 /* YinTaiSwift */ = {
			isa = PBXGroup;
			children = (
				87C65AAB1CC5D6320087D545 /* AppDelegate.swift */,
				87C65AC71CC5DAAD0087D545 /* YTTabbarViewController.swift */,
				87C65ACB1CC5DAE30087D545 /* YTHomePageVC.swift */,
				87C65ACD1CC5DAFF0087D545 /* YTOnSaleViewController.swift */,
				87C65ACF1CC5DB320087D545 /* YTCategoryViewController.swift */,
				87C65AD11CC5DB520087D545 /* YTCartViewController.swift */,
				87C65AD31CC5DB620087D545 /* YTMineViewController.swift */,
				87C65AC91CC5DAC60087D545 /* YTBaseVC.swift */,
				87C65AB21CC5D6320087D545 /* Assets.xcassets */,
				87C65AB41CC5D6320087D545 /* LaunchScreen.storyboard */,
				87C65AB71CC5D6320087D545 /* Info.plist */,
			);
			path = YinTaiSwift;
			sourceTree = "<group>";
		};
/* End PBXGroup section */

/* Begin PBXNativeTarget section */
		87C65AA71CC5D6320087D545 /* YinTaiSwift */ = {
			isa = PBXNativeTarget;
			buildConfigurationList = 87C65ABA1CC5D6320087D545 /* Build configuration list for PBXNativeTarget "YinTaiSwift" */;
			buildPhases = (
				87C65AA41CC5D6320087D545 /* Sources */,
				87C65AA51CC5D6320087D545 /* Frameworks */,
				87C65AA61CC5D6320087D545 /* Resources */,
			);
			buildRules = (
			);
			dependencies = (
			);
			name = YinTaiSwift;
			productName = YinTaiSwift;
			productReference = 87C65AA81CC5D6320087D545 /* YinTaiSwift.app */;
			productType = "com.apple.product-type.application";
		};
/* End PBXNativeTarget section */

/* Begin PBXProject section */
		87C65AA01CC5D6320087D545 /* Project object */ = {
			isa = PBXProject;
			attributes = {
				LastSwiftUpdateCheck = 0720;
				LastUpgradeCheck = 0720;
				ORGANIZATIONNAME = com.yy.www;
				TargetAttributes = {
					87C65AA71CC5D6320087D545 = {
						CreatedOnToolsVersion = 7.2.1;
					};
				};
			};
			buildConfigurationList = 87C65AA31CC5D6320087D545 /* Build configuration list for PBXProject "YinTaiSwift" */;
			compatibilityVersion = "Xcode 3.2";
			developmentRegion = English;
			hasScannedForEncodings = 0;
			knownRegions = (
				en,
				Base,
			);
			mainGroup = 87C65A9F1CC5D6320087D545;
			productRefGroup = 87C65AA91CC5D6320087D545 /* Products */;
			projectDirPath = "";
			projectRoot = "";
			targets = (
				87C65AA71CC5D6320087D545 /* YinTaiSwift */,
			);
		};
/* End PBXProject section */

/* Begin PBXResourcesBuildPhase section */
		87C65AA61CC5D6320087D545 /* Resources */ = {
			isa = PBXResourcesBuildPhase;
			buildActionMask = 2147483647;
			files = (
				87C65AB61CC5D6320087D545 /* LaunchScreen.storyboard in Resources */,
				87C65AB31CC5D6320087D545 /* Assets.xcassets in Resources */,
			);
			runOnlyForDeploymentPostprocessing = 0;
		};
/* End PBXResourcesBuildPhase section */

/* Begin PBXSourcesBuildPhase section */
		87C65AA41CC5D6320087D545 /* Sources */ = {
			isa = PBXSourcesBuildPhase;
			buildActionMask = 2147483647;
			files = (
				87C65ACC1CC5DAE30087D545 /* YTHomePageVC.swift in Sources */,
				87C65ACE1CC5DAFF0087D545 /* YTOnSaleViewController.swift in Sources */,
				87C65AD21CC5DB520087D545 /* YTCartViewController.swift in Sources */,
				87C65AAC1CC5D6320087D545 /* AppDelegate.swift in Sources */,
				87C65AD01CC5DB320087D545 /* YTCategoryViewController.swift in Sources */,
				87C65AD41CC5DB620087D545 /* YTMineViewController.swift in Sources */,
				87C65ACA1CC5DAC60087D545 /* YTBaseVC.swift in Sources */,
				87C65AC81CC5DAAD0087D545 /* YTTabbarViewController.swift in Sources */,
			);
			runOnlyForDeploymentPostprocessing = 0;
		};
/* End PBXSourcesBuildPhase section */

/* Begin PBXVariantGroup section */
		87C65AB41CC5D6320087D545 /* LaunchScreen.storyboard */ = {
			isa = PBXVariantGroup;
			children = (
				87C65AB51CC5D6320087D545 /* Base */,
			);
			name = LaunchScreen.storyboard;
			sourceTree = "<group>";
		};
/* End PBXVariantGroup section */

/* Begin XCBuildConfiguration section */
		87C65AB81CC5D6320087D545 /* Debug */ = {
			isa = XCBuildConfiguration;
			buildSettings = {
				ALWAYS_SEARCH_USER_PATHS = NO;
				CLANG_CXX_LANGUAGE_STANDARD = "gnu++0x";
				CLANG_CXX_LIBRARY = "libc++";
				CLANG_ENABLE_MODULES = YES;
				CLANG_ENABLE_OBJC_ARC = YES;
				CLANG_WARN_BOOL_CONVERSION = YES;
				CLANG_WARN_CONSTANT_CONVERSION = YES;
				CLANG_WARN_DIRECT_OBJC_ISA_USAGE = YES_ERROR;
				CLANG_WARN_EMPTY_BODY = YES;
				CLANG_WARN_ENUM_CONVERSION = YES;
				CLANG_WARN_INT_CONVERSION = YES;
				CLANG_WARN_OBJC_ROOT_CLASS = YES_ERROR;
				CLANG_WARN_UNREACHABLE_CODE = YES;
				CLANG_WARN__DUPLICATE_METHOD_MATCH = YES;
				"CODE_SIGN_IDENTITY[sdk=iphoneos*]" = "iPhone Developer";
				COPY_PHASE_STRIP = NO;
				DEBUG_INFORMATION_FORMAT = dwarf;
				ENABLE_STRICT_OBJC_MSGSEND = YES;
				ENABLE_TESTABILITY = YES;
				GCC_C_LANGUAGE_STANDARD = gnu99;
				GCC_DYNAMIC_NO_PIC = NO;
				GCC_NO_COMMON_BLOCKS = YES;
				GCC_OPTIMIZATION_LEVEL = 0;
				GCC_PREPROCESSOR_DEFINITIONS = (
					"DEBUG=1",
					"$(inherited)",
				);
				GCC_WARN_64_TO_32_BIT_CONVERSION = YES;
				GCC_WARN_ABOUT_RETURN_TYPE = YES_ERROR;
				GCC_WARN_UNDECLARED_SELECTOR = YES;
				GCC_WARN_UNINITIALIZED_AUTOS = YES_AGGRESSIVE;
				GCC_WARN_UNUSED_FUNCTION = YES;
				GCC_WARN_UNUSED_VARIABLE = YES;
				IPHONEOS_DEPLOYMENT_TARGET = 9.2;
				MTL_ENABLE_DEBUG_INFO = YES;
				ONLY_ACTIVE_ARCH = YES;
				SDKROOT = iphoneos;
				SWIFT_OPTIMIZATION_LEVEL = "-Onone";
			};
			name = Debug;
		};
		87C65AB91CC5D6320087D545 /* Release */ = {
			isa = XCBuildConfiguration;
			buildSettings = {
				ALWAYS_SEARCH_USER_PATHS = NO;
				CLANG_CXX_LANGUAGE_STANDARD = "gnu++0x";
				CLANG_CXX_LIBRARY = "libc++";
				CLANG_ENABLE_MODULES = YES;
				CLANG_ENABLE_OBJC_ARC = YES;
				CLANG_WARN_BOOL_CONVERSION = YES;
				CLANG_WARN_CONSTANT_CONVERSION = YES;
				CLANG_WARN_DIRECT_OBJC_ISA_USAGE = YES_ERROR;
				CLANG_WARN_EMPTY_BODY = YES;
				CLANG_WARN_ENUM_CONVERSION = YES;
				CLANG_WARN_INT_CONVERSION = YES;
				CLANG_WARN_OBJC_ROOT_CLASS = YES_ERROR;
				CLANG_WARN_UNREACHABLE_CODE = YES;
				CLANG_WARN__DUPLICATE_METHOD_MATCH = YES;
				"CODE_SIGN_IDENTITY[sdk=iphoneos*]" = "iPhone Developer";
				COPY_PHASE_STRIP = NO;
				DEBUG_INFORMATION_FORMAT = "dwarf-with-dsym";
				ENABLE_NS_ASSERTIONS = NO;
				ENABLE_STRICT_OBJC_MSGSEND = YES;
				GCC_C_LANGUAGE_STANDARD = gnu99;
				GCC_NO_COMMON_BLOCKS = YES;
				GCC_WARN_64_TO_32_BIT_CONVERSION = YES;
				GCC_WARN_ABOUT_RETURN_TYPE = YES_ERROR;
				GCC_WARN_UNDECLARED_SELECTOR = YES;
				GCC_WARN_UNINITIALIZED_AUTOS = YES_AGGRESSIVE;
				GCC_WARN_UNUSED_FUNCTION = YES;
				GCC_WARN_UNUSED_VARIABLE = YES;
				IPHONEOS_DEPLOYMENT_TARGET = 9.2;
				MTL_ENABLE_DEBUG_INFO = NO;
				SDKROOT = iphoneos;
				VALIDATE_PRODUCT = YES;
			};
			name = Release;
		};
		87C65ABB1CC5D6320087D545 /* Debug */ = {
			isa = XCBuildConfiguration;
			buildSettings = {
				ASSETCATALOG_COMPILER_APPICON_NAME = AppIcon;
				INFOPLIST_FILE = YinTaiSwift/Info.plist;
				IPHONEOS_DEPLOYMENT_TARGET = 7.0;
				LD_RUNPATH_SEARCH_PATHS = "$(inherited) @executable_path/Frameworks";
				PRODUCT_BUNDLE_IDENTIFIER = com.yy.www.YinTaiSwift;
				PRODUCT_NAME = "$(TARGET_NAME)";
			};
			name = Debug;
		};
		87C65ABC1CC5D6320087D545 /* Release */ = {
			isa = XCBuildConfiguration;
			buildSettings = {
				ASSETCATALOG_COMPILER_APPICON_NAME = AppIcon;
				INFOPLIST_FILE = YinTaiSwift/Info.plist;
				IPHONEOS_DEPLOYMENT_TARGET = 7.0;
				LD_RUNPATH_SEARCH_PATHS = "$(inherited) @executable_path/Frameworks";
				PRODUCT_BUNDLE_IDENTIFIER = com.yy.www.YinTaiSwift;
				PRODUCT_NAME = "$(TARGET_NAME)";
			};
			name = Release;
		};
/* End XCBuildConfiguration section */

/* Begin XCConfigurationList section */
		87C65AA31CC5D6320087D545 /* Build configuration list for PBXProject "YinTaiSwift" */ = {
			isa = XCConfigurationList;
			buildConfigurations = (
				87C65AB81CC5D6320087D545 /* Debug */,
				87C65AB91CC5D6320087D545 /* Release */,
			);
			defaultConfigurationIsVisible = 0;
			defaultConfigurationName = Release;
		};
		87C65ABA1CC5D6320087D545 /* Build configuration list for PBXNativeTarget "YinTaiSwift" */ = {
			isa = XCConfigurationList;
			buildConfigurations = (
				87C65ABB1CC5D6320087D545 /* Debug */,
				87C65ABC1CC5D6320087D545 /* Release */,
			);
			defaultConfigurationIsVisible = 0;
		};
/* End XCConfigurationList section */
	};
	rootObject = 87C65AA01CC5D6320087D545 /* Project object */;
}
